
Microsoft Visual Studio Solution File, Format Version 12.00
# Visual Studio Version 17
VisualStudioVersion = 17.1.32228.430
MinimumVisualStudioVersion = 10.0.40219.1
Project("{9A19103F-16F7-4668-BE54-9A1E7A4F7556}") = "Educa", "Educa\Educa.csproj", "{8A856842-B28F-4961-BADA-5F6C9B6025C7}"
EndProject
Project("{FAE04EC0-301F-11D3-BF4B-00C04F79EFBC}") = "EducaTest", "EducaTest\EducaTest.csproj", "{C4B21DDA-33C6-429E-B405-2FCDC17B1245}"
EndProject
Global
	GlobalSection(SolutionConfigurationPlatforms) = preSolution
		Debug|Any CPU = Debug|Any CPU
		Release|Any CPU = Release|Any CPU
	EndGlobalSection
	GlobalSection(ProjectConfigurationPlatforms) = postSolution
		{8A856842-B28F-4961-BADA-5F6C9B6025C7}.Debug|Any CPU.ActiveCfg = Debug|Any CPU
		{8A856842-B28F-4961-BADA-5F6C9B6025C7}.Debug|Any CPU.Build.0 = Debug|Any CPU
		{8A856842-B28F-4961-BADA-5F6C9B6025C7}.Release|Any CPU.ActiveCfg = Release|Any CPU
		{8A856842-B28F-4961-BADA-5F6C9B6025C7}.Release|Any CPU.Build.0 = Release|Any CPU
		{C4B21DDA-33C6-429E-B405-2FCDC17B1245}.Debug|Any CPU.ActiveCfg = Debug|Any CPU
		{C4B21DDA-33C6-429E-B405-2FCDC17B1245}.Debug|Any CPU.Build.0 = Debug|Any CPU
		{C4B21DDA-33C6-429E-B405-2FCDC17B1245}.Release|Any CPU.ActiveCfg = Release|Any CPU
		{C4B21DDA-33C6-429E-B405-2FCDC17B1245}.Release|Any CPU.Build.0 = Release|Any CPU
	EndGlobalSection
	GlobalSection(SolutionProperties) = preSolution
		HideSolutionNode = FALSE
	EndGlobalSection
	GlobalSection(ExtensibilityGlobals) = postSolution
		SolutionGuid = {22141BD1-A1E4-4FB2-895D-D43BD3170408}
	EndGlobalSection
EndGlobal
